{
  "pins" : [
    {
      "identity" : "coregraphicsextensions",
      "kind" : "remoteSourceControl",
      "location" : "https://github.com/heestand-xyz/CoreGraphicsExtensions",
      "state" : {
        "revision" : "d709d012c874482240c0cffc0e458d95c0ede8c8",
        "version" : "1.5.0"
      }
    },
    {
      "identity" : "multiviews",
      "kind" : "remoteSourceControl",
      "location" : "https://github.com/heestand-xyz/MultiViews",
      "state" : {
        "revision" : "4016e54e55fa2a14958259a20aafa11292d39146",
        "version" : "2.1.0"
      }
    }
  ],
  "version" : 2
}
